// !$*UTF8*$!
{
	archiveVersion = 1;
	classes = {
	};
	objectVersion = 46;
	objects = {

/* Begin PBXBuildFile section */
		C31078841DF46DAD00BC96AE /* StatChartView.swift in Sources */ = {isa = PBXBuildFile; fileRef = C31078831DF46DAD00BC96AE /* StatChartView.swift */; };
		C31C0BD31DE8EF4400C3F2DC /* ShapeView.swift in Sources */ = {isa = PBXBuildFile; fileRef = C31C0BD21DE8EF4400C3F2DC /* ShapeView.swift */; };
		C321A4461E017E6200A2579A /* ParentViewController.swift in Sources */ = {isa = PBXBuildFile; fileRef = C321A4451E017E6200A2579A /* ParentViewController.swift */; };
		C331E62F1DF0A3D50005D0CA /* StatisticViewController.swift in Sources */ = {isa = PBXBuildFile; fileRef = C331E62E1DF0A3D50005D0CA /* StatisticViewController.swift */; };
		C33F957F1DE331C5007DB948 /* AppDelegate.swift in Sources */ = {isa = PBXBuildFile; fileRef = C33F957E1DE331C5007DB948 /* AppDelegate.swift */; };
		C33F95811DE331C5007DB948 /* LiveViewController.swift in Sources */ = {isa = PBXBuildFile; fileRef = C33F95801DE331C5007DB948 /* LiveViewController.swift */; };
		C33F95841DE331C5007DB948 /* Main.storyboard in Resources */ = {isa = PBXBuildFile; fileRef = C33F95821DE331C5007DB948 /* Main.storyboard */; };
		C33F95861DE331C5007DB948 /* Assets.xcassets in Resources */ = {isa = PBXBuildFile; fileRef = C33F95851DE331C5007DB948 /* Assets.xcassets */; };
		C33F95891DE331C5007DB948 /* LaunchScreen.storyboard in Resources */ = {isa = PBXBuildFile; fileRef = C33F95871DE331C5007DB948 /* LaunchScreen.storyboard */; };
		C3FDECF51DEDE3E90047B461 /* HeartRateModel.xcdatamodeld in Sources */ = {isa = PBXBuildFile; fileRef = C3FDECF31DEDE3E90047B461 /* HeartRateModel.xcdatamodeld */; };
/* End PBXBuildFile section */

/* Begin PBXFileReference section */
		C31078831DF46DAD00BC96AE /* StatChartView.swift */ = {isa = PBXFileReference; fileEncoding = 4; lastKnownFileType = sourcecode.swift; path = StatChartView.swift; sourceTree = "<group>"; };
		C31C0BD21DE8EF4400C3F2DC /* ShapeView.swift */ = {isa = PBXFileReference; fileEncoding = 4; lastKnownFileType = sourcecode.swift; path = ShapeView.swift; sourceTree = "<group>"; };
		C321A4451E017E6200A2579A /* ParentViewController.swift */ = {isa = PBXFileReference; fileEncoding = 4; lastKnownFileType = sourcecode.swift; path = ParentViewController.swift; sourceTree = "<group>"; };
		C331E62E1DF0A3D50005D0CA /* StatisticViewController.swift */ = {isa = PBXFileReference; fileEncoding = 4; lastKnownFileType = sourcecode.swift; path = StatisticViewController.swift; sourceTree = "<group>"; };
		C33F957B1DE331C5007DB948 /* Second.app */ = {isa = PBXFileReference; explicitFileType = wrapper.application; includeInIndex = 0; path = Second.app; sourceTree = BUILT_PRODUCTS_DIR; };
		C33F957E1DE331C5007DB948 /* AppDelegate.swift */ = {isa = PBXFileReference; lastKnownFileType = sourcecode.swift; path = AppDelegate.swift; sourceTree = "<group>"; };
		C33F95801DE331C5007DB948 /* LiveViewController.swift */ = {isa = PBXFileReference; lastKnownFileType = sourcecode.swift; path = LiveViewController.swift; sourceTree = "<group>"; };
		C33F95831DE331C5007DB948 /* Base */ = {isa = PBXFileReference; lastKnownFileType = file.storyboard; name = Base; path = Base.lproj/Main.storyboard; sourceTree = "<group>"; };
		C33F95851DE331C5007DB948 /* Assets.xcassets */ = {isa = PBXFileReference; lastKnownFileType = folder.assetcatalog; path = Assets.xcassets; sourceTree = "<group>"; };
		C33F95881DE331C5007DB948 /* Base */ = {isa = PBXFileReference; lastKnownFileType = file.storyboard; name = Base; path = Base.lproj/LaunchScreen.storyboard; sourceTree = "<group>"; };
		C33F958A1DE331C5007DB948 /* Info.plist */ = {isa = PBXFileReference; lastKnownFileType = text.plist.xml; path = Info.plist; sourceTree = "<group>"; };
		C3FDECF41DEDE3E90047B461 /* HeartRateModel.xcdatamodel */ = {isa = PBXFileReference; lastKnownFileType = wrapper.xcdatamodel; path = HeartRateModel.xcdatamodel; sourceTree = "<group>"; };
		C3FDED3E1DEDEE120047B461 /* NotificationCenter.framework */ = {isa = PBXFileReference; lastKnownFileType = wrapper.framework; name = NotificationCenter.framework; path = System/Library/Frameworks/NotificationCenter.framework; sourceTree = SDKROOT; };
/* End PBXFileReference section */

/* Begin PBXFrameworksBuildPhase section */
		C33F95781DE331C5007DB948 /* Frameworks */ = {
			isa = PBXFrameworksBuildPhase;
			buildActionMask = 2147483647;
			files = (
			);
			runOnlyForDeploymentPostprocessing = 0;
		};
/* End PBXFrameworksBuildPhase section */

/* Begin PBXGroup section */
		C33F95721DE331C5007DB948 = {
			isa = PBXGroup;
			children = (
				C33F957D1DE331C5007DB948 /* Second */,
				C3FDED3D1DEDEE120047B461 /* Frameworks */,
				C33F957C1DE331C5007DB948 /* Products */,
			);
			sourceTree = "<group>";
		};
		C33F957C1DE331C5007DB948 /* Products */ = {
			isa = PBXGroup;
			children = (
				C33F957B1DE331C5007DB948 /* Second.app */,
			);
			name = Products;
			sourceTree = "<group>";
		};
		C33F957D1DE331C5007DB948 /* Second */ = {
			isa = PBXGroup;
			children = (
				C33F957E1DE331C5007DB948 /* AppDelegate.swift */,
				C321A4451E017E6200A2579A /* ParentViewController.swift */,
				C33F95801DE331C5007DB948 /* LiveViewController.swift */,
				C331E62E1DF0A3D50005D0CA /* StatisticViewController.swift */,
				C38DBEE51E009E4300B13154 /* Views */,
				C3FDECF31DEDE3E90047B461 /* HeartRateModel.xcdatamodeld */,
				C33F95821DE331C5007DB948 /* Main.storyboard */,
				C34042091DF33D5C002AF4C0 /* Supporting Files */,
			);
			path = Second;
			sourceTree = "<group>";
		};
		C34042091DF33D5C002AF4C0 /* Supporting Files */ = {
			isa = PBXGroup;
			children = (
				C33F95851DE331C5007DB948 /* Assets.xcassets */,
				C33F95871DE331C5007DB948 /* LaunchScreen.storyboard */,
				C33F958A1DE331C5007DB948 /* Info.plist */,
			);
			name = "Supporting Files";
			sourceTree = "<group>";
		};
		C38DBEE51E009E4300B13154 /* Views */ = {
			isa = PBXGroup;
			children = (
				C31C0BD21DE8EF4400C3F2DC /* ShapeView.swift */,
				C31078831DF46DAD00BC96AE /* StatChartView.swift */,
			);
			name = Views;
			sourceTree = "<group>";
		};
		C3FDED3D1DEDEE120047B461 /* Frameworks */ = {
			isa = PBXGroup;
			children = (
				C3FDED3E1DEDEE120047B461 /* NotificationCenter.framework */,
			);
			name = Frameworks;
			sourceTree = "<group>";
		};
/* End PBXGroup section */

/* Begin PBXNativeTarget section */
		C33F957A1DE331C5007DB948 /* Second */ = {
			isa = PBXNativeTarget;
			buildConfigurationList = C33F958D1DE331C5007DB948 /* Build configuration list for PBXNativeTarget "Second" */;
			buildPhases = (
				C33F95771DE331C5007DB948 /* Sources */,
				C33F95781DE331C5007DB948 /* Frameworks */,
				C33F95791DE331C5007DB948 /* Resources */,
			);
			buildRules = (
			);
			dependencies = (
			);
			name = Second;
			productName = Second;
			productReference = C33F957B1DE331C5007DB948 /* Second.app */;
			productType = "com.apple.product-type.application";
		};
/* End PBXNativeTarget section */

/* Begin PBXProject section */
		C33F95731DE331C5007DB948 /* Project object */ = {
			isa = PBXProject;
			attributes = {
				LastSwiftUpdateCheck = 0810;
				LastUpgradeCheck = 0820;
				ORGANIZATIONNAME = "Artur Kablak";
				TargetAttributes = {
					C33F957A1DE331C5007DB948 = {
						CreatedOnToolsVersion = 8.1;
						DevelopmentTeam = 3B4HYH3EL8;
						ProvisioningStyle = Automatic;
					};
				};
			};
			buildConfigurationList = C33F95761DE331C5007DB948 /* Build configuration list for PBXProject "Second" */;
			compatibilityVersion = "Xcode 3.2";
			developmentRegion = English;
			hasScannedForEncodings = 0;
			knownRegions = (
				en,
				Base,
			);
			mainGroup = C33F95721DE331C5007DB948;
			productRefGroup = C33F957C1DE331C5007DB948 /* Products */;
			projectDirPath = "";
			projectRoot = "";
			targets = (
				C33F957A1DE331C5007DB948 /* Second */,
			);
		};
/* End PBXProject section */

/* Begin PBXResourcesBuildPhase section */
		C33F95791DE331C5007DB948 /* Resources */ = {
			isa = PBXResourcesBuildPhase;
			buildActionMask = 2147483647;
			files = (
				C33F95891DE331C5007DB948 /* LaunchScreen.storyboard in Resources */,
				C33F95861DE331C5007DB948 /* Assets.xcassets in Resources */,
				C33F95841DE331C5007DB948 /* Main.storyboard in Resources */,
			);
			runOnlyForDeploymentPostprocessing = 0;
		};
/* End PBXResourcesBuildPhase section */

/* Begin PBXSourcesBuildPhase section */
		C33F95771DE331C5007DB948 /* Sources */ = {
			isa = PBXSourcesBuildPhase;
			buildActionMask = 2147483647;
			files = (
				C3FDECF51DEDE3E90047B461 /* HeartRateModel.xcdatamodeld in Sources */,
				C31078841DF46DAD00BC96AE /* StatChartView.swift in Sources */,
				C31C0BD31DE8EF4400C3F2DC /* ShapeView.swift in Sources */,
				C321A4461E017E6200A2579A /* ParentViewController.swift in Sources */,
				C331E62F1DF0A3D50005D0CA /* StatisticViewController.swift in Sources */,
				C33F95811DE331C5007DB948 /* LiveViewController.swift in Sources */,
				C33F957F1DE331C5007DB948 /* AppDelegate.swift in Sources */,
			);
			runOnlyForDeploymentPostprocessing = 0;
		};
/* End PBXSourcesBuildPhase section */

/* Begin PBXVariantGroup section */
		C33F95821DE331C5007DB948 /* Main.storyboard */ = {
			isa = PBXVariantGroup;
			children = (
				C33F95831DE331C5007DB948 /* Base */,
			);
			name = Main.storyboard;
			sourceTree = "<group>";
		};
		C33F95871DE331C5007DB948 /* LaunchScreen.storyboard */ = {
			isa = PBXVariantGroup;
			children = (
				C33F95881DE331C5007DB948 /* Base */,
			);
			name = LaunchScreen.storyboard;
			sourceTree = "<group>";
		};
/* End PBXVariantGroup section */

/* Begin XCBuildConfiguration section */
		C33F958B1DE331C5007DB948 /* Debug */ = {
			isa = XCBuildConfiguration;
			buildSettings = {
				ALWAYS_SEARCH_USER_PATHS = NO;
				CLANG_ANALYZER_NONNULL = YES;
				CLANG_CXX_LANGUAGE_STANDARD = "gnu++0x";
				CLANG_CXX_LIBRARY = "libc++";
				CLANG_ENABLE_MODULES = YES;
				CLANG_ENABLE_OBJC_ARC = YES;
				CLANG_WARN_BOOL_CONVERSION = YES;
				CLANG_WARN_CONSTANT_CONVERSION = YES;
				CLANG_WARN_DIRECT_OBJC_ISA_USAGE = YES_ERROR;
				CLANG_WARN_DOCUMENTATION_COMMENTS = YES;
				CLANG_WARN_EMPTY_BODY = YES;
				CLANG_WARN_ENUM_CONVERSION = YES;
				CLANG_WARN_INFINITE_RECURSION = YES;
				CLANG_WARN_INT_CONVERSION = YES;
				CLANG_WARN_OBJC_ROOT_CLASS = YES_ERROR;
				CLANG_WARN_SUSPICIOUS_MOVE = YES;
				CLANG_WARN_SUSPICIOUS_MOVES = YES;
				CLANG_WARN_UNREACHABLE_CODE = YES;
				CLANG_WARN__DUPLICATE_METHOD_MATCH = YES;
				"CODE_SIGN_IDENTITY[sdk=iphoneos*]" = "iPhone Developer";
				COPY_PHASE_STRIP = NO;
				DEBUG_INFORMATION_FORMAT = dwarf;
				ENABLE_STRICT_OBJC_MSGSEND = YES;
				ENABLE_TESTABILITY = YES;
				GCC_C_LANGUAGE_STANDARD = gnu99;
				GCC_DYNAMIC_NO_PIC = NO;
				GCC_NO_COMMON_BLOCKS = YES;
				GCC_OPTIMIZATION_LEVEL = 0;
				GCC_PREPROCESSOR_DEFINITIONS = (
					"DEBUG=1",
					"$(inherited)",
				);
				GCC_WARN_64_TO_32_BIT_CONVERSION = YES;
				GCC_WARN_ABOUT_RETURN_TYPE = YES_ERROR;
				GCC_WARN_UNDECLARED_SELECTOR = YES;
				GCC_WARN_UNINITIALIZED_AUTOS = YES_AGGRESSIVE;
				GCC_WARN_UNUSED_FUNCTION = YES;
				GCC_WARN_UNUSED_VARIABLE = YES;
				IPHONEOS_DEPLOYMENT_TARGET = 10.1;
				MTL_ENABLE_DEBUG_INFO = YES;
				ONLY_ACTIVE_ARCH = YES;
				SDKROOT = iphoneos;
				SWIFT_ACTIVE_COMPILATION_CONDITIONS = DEBUG;
				SWIFT_OPTIMIZATION_LEVEL = "-Onone";
			};
			name = Debug;
		};
		C33F958C1DE331C5007DB948 /* Release */ = {
			isa = XCBuildConfiguration;
			buildSettings = {
				ALWAYS_SEARCH_USER_PATHS = NO;
				CLANG_ANALYZER_NONNULL = YES;
				CLANG_CXX_LANGUAGE_STANDARD = "gnu++0x";
				CLANG_CXX_LIBRARY = "libc++";
				CLANG_ENABLE_MODULES = YES;
				CLANG_ENABLE_OBJC_ARC = YES;
				CLANG_WARN_BOOL_CONVERSION = YES;
				CLANG_WARN_CONSTANT_CONVERSION = YES;
				CLANG_WARN_DIRECT_OBJC_ISA_USAGE = YES_ERROR;
				CLANG_WARN_DOCUMENTATION_COMMENTS = YES;
				CLANG_WARN_EMPTY_BODY = YES;
				CLANG_WARN_ENUM_CONVERSION = YES;
				CLANG_WARN_INFINITE_RECURSION = YES;
				CLANG_WARN_INT_CONVERSION = YES;
				CLANG_WARN_OBJC_ROOT_CLASS = YES_ERROR;
				CLANG_WARN_SUSPICIOUS_MOVE = YES;
				CLANG_WARN_SUSPICIOUS_MOVES = YES;
				CLANG_WARN_UNREACHABLE_CODE = YES;
				CLANG_WARN__DUPLICATE_METHOD_MATCH = YES;
				"CODE_SIGN_IDENTITY[sdk=iphoneos*]" = "iPhone Developer";
				COPY_PHASE_STRIP = NO;
				DEBUG_INFORMATION_FORMAT = "dwarf-with-dsym";
				ENABLE_NS_ASSERTIONS = NO;
				ENABLE_STRICT_OBJC_MSGSEND = YES;
				GCC_C_LANGUAGE_STANDARD = gnu99;
				GCC_NO_COMMON_BLOCKS = YES;
				GCC_WARN_64_TO_32_BIT_CONVERSION = YES;
				GCC_WARN_ABOUT_RETURN_TYPE = YES_ERROR;
				GCC_WARN_UNDECLARED_SELECTOR = YES;
				GCC_WARN_UNINITIALIZED_AUTOS = YES_AGGRESSIVE;
				GCC_WARN_UNUSED_FUNCTION = YES;
				GCC_WARN_UNUSED_VARIABLE = YES;
				IPHONEOS_DEPLOYMENT_TARGET = 10.1;
				MTL_ENABLE_DEBUG_INFO = NO;
				SDKROOT = iphoneos;
				SWIFT_OPTIMIZATION_LEVEL = "-Owholemodule";
				VALIDATE_PRODUCT = YES;
			};
			name = Release;
		};
		C33F958E1DE331C5007DB948 /* Debug */ = {
			isa = XCBuildConfiguration;
			buildSettings = {
				ASSETCATALOG_COMPILER_APPICON_NAME = AppIcon;
				DEVELOPMENT_TEAM = 3B4HYH3EL8;
				INFOPLIST_FILE = Second/Info.plist;
				IPHONEOS_DEPLOYMENT_TARGET = 10.1;
				LD_RUNPATH_SEARCH_PATHS = "$(inherited) @executable_path/Frameworks";
				PRODUCT_BUNDLE_IDENTIFIER = com.odvan.Second;
				PRODUCT_NAME = "$(TARGET_NAME)";
				SWIFT_VERSION = 3.0;
				TARGETED_DEVICE_FAMILY = 1;
			};
			name = Debug;
		};
		C33F958F1DE331C5007DB948 /* Release */ = {
			isa = XCBuildConfiguration;
			buildSettings = {
				ASSETCATALOG_COMPILER_APPICON_NAME = AppIcon;
				DEVELOPMENT_TEAM = 3B4HYH3EL8;
				INFOPLIST_FILE = Second/Info.plist;
				IPHONEOS_DEPLOYMENT_TARGET = 10.1;
				LD_RUNPATH_SEARCH_PATHS = "$(inherited) @executable_path/Frameworks";
				PRODUCT_BUNDLE_IDENTIFIER = com.odvan.Second;
				PRODUCT_NAME = "$(TARGET_NAME)";
				SWIFT_VERSION = 3.0;
				TARGETED_DEVICE_FAMILY = 1;
			};
			name = Release;
		};
/* End XCBuildConfiguration section */

/* Begin XCConfigurationList section */
		C33F95761DE331C5007DB948 /* Build configuration list for PBXProject "Second" */ = {
			isa = XCConfigurationList;
			buildConfigurations = (
				C33F958B1DE331C5007DB948 /* Debug */,
				C33F958C1DE331C5007DB948 /* Release */,
			);
			defaultConfigurationIsVisible = 0;
			defaultConfigurationName = Release;
		};
		C33F958D1DE331C5007DB948 /* Build configuration list for PBXNativeTarget "Second" */ = {
			isa = XCConfigurationList;
			buildConfigurations = (
				C33F958E1DE331C5007DB948 /* Debug */,
				C33F958F1DE331C5007DB948 /* Release */,
			);
			defaultConfigurationIsVisible = 0;
			defaultConfigurationName = Release;
		};
/* End XCConfigurationList section */

/* Begin XCVersionGroup section */
		C3FDECF31DEDE3E90047B461 /* HeartRateModel.xcdatamodeld */ = {
			isa = XCVersionGroup;
			children = (
				C3FDECF41DEDE3E90047B461 /* HeartRateModel.xcdatamodel */,
			);
			currentVersion = C3FDECF41DEDE3E90047B461 /* HeartRateModel.xcdatamodel */;
			path = HeartRateModel.xcdatamodeld;
			sourceTree = "<group>";
			versionGroupType = wrapper.xcdatamodel;
		};
/* End XCVersionGroup section */
	};
	rootObject = C33F95731DE331C5007DB948 /* Project object */;
}
